
Microsoft Visual Studio Solution File, Format Version 12.00
# Visual Studio Version 16
VisualStudioVersion = 16.0.30114.105
MinimumVisualStudioVersion = 10.0.40219.1
Project("{FAE04EC0-301F-11D3-BF4B-00C04F79EFBC}") = "pyw", "pyw\pyw.csproj", "{26B99BB1-5281-4F99-BBAB-AD281D747C11}"
EndProject
Project("{FAE04EC0-301F-11D3-BF4B-00C04F79EFBC}") = "test", "test\test.csproj", "{CAF55431-68C6-4487-953E-A81F742A612F}"
EndProject
Global
	GlobalSection(SolutionConfigurationPlatforms) = preSolution
		Debug|Any CPU = Debug|Any CPU
		Release|Any CPU = Release|Any CPU
	EndGlobalSection
	GlobalSection(SolutionProperties) = preSolution
		HideSolutionNode = FALSE
	EndGlobalSection
	GlobalSection(ProjectConfigurationPlatforms) = postSolution
		{26B99BB1-5281-4F99-BBAB-AD281D747C11}.Debug|Any CPU.ActiveCfg = Debug|Any CPU
		{26B99BB1-5281-4F99-BBAB-AD281D747C11}.Debug|Any CPU.Build.0 = Debug|Any CPU
		{26B99BB1-5281-4F99-BBAB-AD281D747C11}.Release|Any CPU.ActiveCfg = Release|Any CPU
		{26B99BB1-5281-4F99-BBAB-AD281D747C11}.Release|Any CPU.Build.0 = Release|Any CPU
		{CAF55431-68C6-4487-953E-A81F742A612F}.Debug|Any CPU.ActiveCfg = Debug|Any CPU
		{CAF55431-68C6-4487-953E-A81F742A612F}.Debug|Any CPU.Build.0 = Debug|Any CPU
		{CAF55431-68C6-4487-953E-A81F742A612F}.Release|Any CPU.ActiveCfg = Release|Any CPU
		{CAF55431-68C6-4487-953E-A81F742A612F}.Release|Any CPU.Build.0 = Release|Any CPU
	EndGlobalSection
EndGlobal
